
Microsoft Visual Studio Solution File, Format Version 12.00
# Visual Studio Version 17
VisualStudioVersion = 17.13.35825.156 d17.13
MinimumVisualStudioVersion = 10.0.40219.1
Project("{FAE04EC0-301F-11D3-BF4B-00C04F79EFBC}") = "Chromium Profile Manager", "Chromium Profile Manager.csproj", "{0DA3B36B-5223-4AF3-BCAF-F794811E273E}"
EndProject
Global
	GlobalSection(SolutionConfigurationPlatforms) = preSolution
		Debug|Any CPU = Debug|Any CPU
		Release|Any CPU = Release|Any CPU
	EndGlobalSection
	GlobalSection(ProjectConfigurationPlatforms) = postSolution
		{0DA3B36B-5223-4AF3-BCAF-F794811E273E}.Debug|Any CPU.ActiveCfg = Debug|Any CPU
		{0DA3B36B-5223-4AF3-BCAF-F794811E273E}.Debug|Any CPU.Build.0 = Debug|Any CPU
		{0DA3B36B-5223-4AF3-BCAF-F794811E273E}.Release|Any CPU.ActiveCfg = Release|Any CPU
		{0DA3B36B-5223-4AF3-BCAF-F794811E273E}.Release|Any CPU.Build.0 = Release|Any CPU
	EndGlobalSection
	GlobalSection(SolutionProperties) = preSolution
		HideSolutionNode = FALSE
	EndGlobalSection
	GlobalSection(ExtensibilityGlobals) = postSolution
		SolutionGuid = {668BE987-AB56-4178-A8F9-BA034A20C02A}
	EndGlobalSection
EndGlobal
